{
  "name": "aibo-capability-starter",
  "version": "1.0.2",
  "lockfileVersion": 3,
  "requires": true,
  "packages": {
    "": {
      "name": "aibo-capability-starter",
      "version": "1.0.2",
      "devDependencies": {
        "@aibolabs/capability-runtime": "0.1.8",
        "@aibolabs/plugin-protocol": "0.1.8"
      }
    },
    "node_modules/@aibolabs/capability-runtime": {
      "version": "0.1.8",
      "resolved": "https://registry.npmjs.org/@aibolabs/capability-runtime/-/capability-runtime-0.1.8.tgz",
      "integrity": "sha512-0A987LWIdUEWz7lgDVyqMQJktTSJNlPR3sH10mnV/my22yxUaiFrC8VJ+bwuaEY+YKFcupemljMHY0HQ8I0Caw==",
      "dev": true,
      "license": "MIT",
      "dependencies": {
        "@aibolabs/plugin-protocol": "0.1.8"
      },
      "engines": {
        "node": ">=22"
      }
    },
    "node_modules/@aibolabs/plugin-protocol": {
      "version": "0.1.8",
      "resolved": "https://registry.npmjs.org/@aibolabs/plugin-protocol/-/plugin-protocol-0.1.8.tgz",
      "integrity": "sha512-FXTAJLW5/tZsCSZ3xJAtS5iUpPMQVEjxu5eVREU9nolSRzX3JHBuWT/FnwUoN8ZPGJEfg3WtQ9cvBbdGFpzlvg==",
      "dev": true,
      "license": "MIT"
    }
  }
}
